[[package]]
category = "main"
description = "A drop-in replacement for argparse that allows options to also be set via config files and/or environment variables."
name = "configargparse"
optional = false
python-versions = ">=2.7, !=3.0.*, !=3.1.*, !=3.2.*, !=3.3.*, !=3.4.*"
version = "1.2.3"

[package.extras]
yaml = ["pyyaml"]

[[package]]
category = "main"
description = "Python Imaging Library (Fork)"
name = "pillow"
optional = false
python-versions = ">=3.5"
version = "7.1.2"

[[package]]
category = "main"
description = "Cross-platform desktop push-notifications."
name = "py-notifier"
optional = false
python-versions = ">=3.6.0"
version = "0.1.0"

[[package]]
category = "main"
description = "Python<->ObjC Interoperability Module"
marker = "sys_platform == \"darwin\""
name = "pyobjc-core"
optional = false
python-versions = ">=3.6"
version = "6.2"

[[package]]
category = "main"
description = "Wrappers for the Cocoa frameworks on macOS"
marker = "sys_platform == \"darwin\""
name = "pyobjc-framework-cocoa"
optional = false
python-versions = ">=3.6"
version = "6.2"

[package.dependencies]
pyobjc-core = ">=6.2"

[[package]]
category = "main"
description = "Wrappers for the Quartz frameworks on macOS"
marker = "sys_platform == \"darwin\""
name = "pyobjc-framework-quartz"
optional = false
python-versions = ">=3.6"
version = "6.2"

[package.dependencies]
pyobjc-core = ">=6.2"
pyobjc-framework-Cocoa = ">=6.2"

[[package]]
category = "main"
description = "Provides systray integration"
name = "pystray"
optional = false
python-versions = "*"
version = "0.15.0"

[package.dependencies]
Pillow = "*"
pyobjc-framework-Quartz = ">=3.0"
python-xlib = ">=0.17"
six = "*"

[[package]]
category = "main"
description = "Python X Library"
marker = "sys_platform == \"linux\""
name = "python-xlib"
optional = false
python-versions = "*"
version = "0.27"

[package.dependencies]
six = ">=1.10.0"

[[package]]
category = "main"
description = "YAML parser and emitter for Python"
name = "pyyaml"
optional = false
python-versions = ">=2.7, !=3.0.*, !=3.1.*, !=3.2.*, !=3.3.*, !=3.4.*"
version = "5.3.1"

[[package]]
category = "main"
description = "Python 2 and 3 compatibility utilities"
name = "six"
optional = false
python-versions = ">=2.7, !=3.0.*, !=3.1.*, !=3.2.*"
version = "1.14.0"

[metadata]
content-hash = "e102a0070781d18f8e6cb555464a5a6360cd87c60f69a2caa73c7141136609d4"
python-versions = "^3.8"

[metadata.files]
configargparse = [
    {file = "ConfigArgParse-1.2.3.tar.gz", hash = "sha256:edd17be986d5c1ba2e307150b8e5f5107aba125f3574dddd02c85d5cdcfd37dc"},
]
pillow = [
    {file = "Pillow-7.1.2-cp35-cp35m-macosx_10_10_intel.whl", hash = "sha256:ae2b270f9a0b8822b98655cb3a59cdb1bd54a34807c6c56b76dd2e786c3b7db3"},
    {file = "Pillow-7.1.2-cp35-cp35m-manylinux1_i686.whl", hash = "sha256:d23e2aa9b969cf9c26edfb4b56307792b8b374202810bd949effd1c6e11ebd6d"},
    {file = "Pillow-7.1.2-cp35-cp35m-manylinux1_x86_64.whl", hash = "sha256:b532bcc2f008e96fd9241177ec580829dee817b090532f43e54074ecffdcd97f"},
    {file = "Pillow-7.1.2-cp35-cp35m-win32.whl", hash = "sha256:12e4bad6bddd8546a2f9771485c7e3d2b546b458ae8ff79621214119ac244523"},
    {file = "Pillow-7.1.2-cp35-cp35m-win_amd64.whl", hash = "sha256:9744350687459234867cbebfe9df8f35ef9e1538f3e729adbd8fde0761adb705"},
    {file = "Pillow-7.1.2-cp36-cp36m-macosx_10_10_x86_64.whl", hash = "sha256:f54be399340aa602066adb63a86a6a5d4f395adfdd9da2b9a0162ea808c7b276"},
    {file = "Pillow-7.1.2-cp36-cp36m-manylinux1_i686.whl", hash = "sha256:1f694e28c169655c50bb89a3fa07f3b854d71eb47f50783621de813979ba87f3"},
    {file = "Pillow-7.1.2-cp36-cp36m-manylinux1_x86_64.whl", hash = "sha256:f784aad988f12c80aacfa5b381ec21fd3f38f851720f652b9f33facc5101cf4d"},
    {file = "Pillow-7.1.2-cp36-cp36m-win32.whl", hash = "sha256:b37bb3bd35edf53125b0ff257822afa6962649995cbdfde2791ddb62b239f891"},
    {file = "Pillow-7.1.2-cp36-cp36m-win_amd64.whl", hash = "sha256:b67a6c47ed963c709ed24566daa3f95a18f07d3831334da570c71da53d97d088"},
    {file = "Pillow-7.1.2-cp37-cp37m-macosx_10_10_x86_64.whl", hash = "sha256:eaa83729eab9c60884f362ada982d3a06beaa6cc8b084cf9f76cae7739481dfa"},
    {file = "Pillow-7.1.2-cp37-cp37m-manylinux1_i686.whl", hash = "sha256:f46e0e024346e1474083c729d50de909974237c72daca05393ee32389dabe457"},
    {file = "Pillow-7.1.2-cp37-cp37m-manylinux1_x86_64.whl", hash = "sha256:0e2a3bceb0fd4e0cb17192ae506d5f082b309ffe5fc370a5667959c9b2f85fa3"},
    {file = "Pillow-7.1.2-cp37-cp37m-win32.whl", hash = "sha256:ccc9ad2460eb5bee5642eaf75a0438d7f8887d484490d5117b98edd7f33118b7"},
    {file = "Pillow-7.1.2-cp37-cp37m-win_amd64.whl", hash = "sha256:b943e71c2065ade6fef223358e56c167fc6ce31c50bc7a02dd5c17ee4338e8ac"},
    {file = "Pillow-7.1.2-cp38-cp38-macosx_10_10_x86_64.whl", hash = "sha256:04766c4930c174b46fd72d450674612ab44cca977ebbcc2dde722c6933290107"},
    {file = "Pillow-7.1.2-cp38-cp38-manylinux1_i686.whl", hash = "sha256:f455efb7a98557412dc6f8e463c1faf1f1911ec2432059fa3e582b6000fc90e2"},
    {file = "Pillow-7.1.2-cp38-cp38-manylinux1_x86_64.whl", hash = "sha256:ee94fce8d003ac9fd206496f2707efe9eadcb278d94c271f129ab36aa7181344"},
    {file = "Pillow-7.1.2-cp38-cp38-win32.whl", hash = "sha256:4b02b9c27fad2054932e89f39703646d0c543f21d3cc5b8e05434215121c28cd"},
    {file = "Pillow-7.1.2-cp38-cp38-win_amd64.whl", hash = "sha256:3d25dd8d688f7318dca6d8cd4f962a360ee40346c15893ae3b95c061cdbc4079"},
    {file = "Pillow-7.1.2-pp373-pypy36_pp73-win32.whl", hash = "sha256:0f01e63c34f0e1e2580cc0b24e86a5ccbbfa8830909a52ee17624c4193224cd9"},
    {file = "Pillow-7.1.2-py3.8-macosx-10.9-x86_64.egg", hash = "sha256:70e3e0d99a0dcda66283a185f80697a9b08806963c6149c8e6c5f452b2aa59c0"},
    {file = "Pillow-7.1.2.tar.gz", hash = "sha256:a0b49960110bc6ff5fead46013bcb8825d101026d466f3a4de3476defe0fb0dd"},
]
py-notifier = [
    {file = "py_notifier-0.1.0-py3-none-any.whl", hash = "sha256:cf9360a2cdba71cbd33ce0d96ff88ca388256aab1b8c20427b5d32c37d192e1d"},
]
pyobjc-core = [
    {file = "pyobjc-core-6.2.tar.gz", hash = "sha256:843b175e6bd6309c4457090ca52ca8e20cb1e6be19df1bc74d1ed1889f52149c"},
    {file = "pyobjc_core-6.2-cp36-cp36m-macosx_10_9_x86_64.whl", hash = "sha256:cb130c953c79cb2df4eb3976b7fe28c336b0de0dc550b0574eca8856c76cd147"},
    {file = "pyobjc_core-6.2-cp37-cp37m-macosx_10_9_x86_64.whl", hash = "sha256:ccfad6cba29652b005bc41e819ad70d203cc3e57a16e75e27bc4e6979034c7c0"},
    {file = "pyobjc_core-6.2-cp38-cp38-macosx_10_9_x86_64.whl", hash = "sha256:6af32dc491c575346400c29649fffe6e0a1911553b9218529deafc56fa357bdd"},
    {file = "pyobjc_core-6.2-cp39-cp39-macosx_10_9_x86_64.whl", hash = "sha256:8dd816c03fcbcbd8da8beb30dffe3aaaf8077d852cca4d636e3d7dd0ab48d39d"},
]
pyobjc-framework-cocoa = [
    {file = "pyobjc-framework-Cocoa-6.2.tar.gz", hash = "sha256:e15bbf82bfe3a14dfd29c7465cc5d8edab16d546410239b7e1a4db62ded4a5b2"},
    {file = "pyobjc_framework_Cocoa-6.2-cp36-cp36m-macosx_10_9_x86_64.whl", hash = "sha256:04b994a26bc30c912f2f5165d57a987f35889a36dd9c104674bc449c53649629"},
    {file = "pyobjc_framework_Cocoa-6.2-cp37-cp37m-macosx_10_9_x86_64.whl", hash = "sha256:09612dd81fafb6e1a8eb597b5e523c9de103a50af79e95afbf13b8a5937e3cfa"},
    {file = "pyobjc_framework_Cocoa-6.2-cp38-cp38-macosx_10_9_x86_64.whl", hash = "sha256:cbe4f1917aa5def4a77fd4199a9697f3b4224acf59acf4e01fe9a7c73d49b08c"},
    {file = "pyobjc_framework_Cocoa-6.2-cp39-cp39-macosx_10_9_x86_64.whl", hash = "sha256:ef3c21a8b37519e3a3880fc0c5539fe27afd3e0235c8ebc9c87b3d0354cbb4ea"},
]
pyobjc-framework-quartz = [
    {file = "pyobjc-framework-Quartz-6.2.tar.gz", hash = "sha256:5133eef934143ed68014d73f7b3b8113441b3631d7a2c17f66839ea4b426c518"},
    {file = "pyobjc_framework_Quartz-6.2-cp36-cp36m-macosx_10_9_x86_64.whl", hash = "sha256:5250961ce781d6f9ee65486cd206cf6a7814b27e9e3eef1a73032cfb69ec4e5f"},
    {file = "pyobjc_framework_Quartz-6.2-cp37-cp37m-macosx_10_9_x86_64.whl", hash = "sha256:2b64baf09bde8864f5d858b51a28b724ea908638f30b50d5b3f1f82f0dc4835e"},
    {file = "pyobjc_framework_Quartz-6.2-cp38-cp38-macosx_10_9_x86_64.whl", hash = "sha256:08ebaa3a9f4cf5a4de89e0df50d5bd535706900471f14ac42a3f4af1a7398ebb"},
    {file = "pyobjc_framework_Quartz-6.2-cp39-cp39-macosx_10_9_x86_64.whl", hash = "sha256:906fb0d35e63057157816409b4eb0503ef1fa8e1a0a7176b637905076434379c"},
]
pystray = [
    {file = "pystray-0.15.0-py2.py3-none-any.whl", hash = "sha256:ab56a018f246c8961e664d4342ac77bcb405ba62f9e9cce4544c576303b6426c"},
    {file = "pystray-0.15.0-py3.7.egg", hash = "sha256:9938e9fe60fccdb0838a9f19cbc199e36dbc6a5854491de707a9b43e072996cb"},
    {file = "pystray-0.15.0.tar.gz", hash = "sha256:97e4f388f2ab62304ea7c31da15a6248e7ce03ecd211e7a4d7d0e1ca28414c43"},
]
python-xlib = [
    {file = "python-xlib-0.27.tar.bz2", hash = "sha256:a90667c70905c6ef0754c8a09fa61acbc1e1b7ddb946d527831800d7cbfe9348"},
    {file = "python_xlib-0.27-py2.py3-none-any.whl", hash = "sha256:b251d6679796af4ddabc02b170a5c38eda41f92a83d08fdcfeef5841c6467ac7"},
]
pyyaml = [
    {file = "PyYAML-5.3.1-cp27-cp27m-win32.whl", hash = "sha256:74809a57b329d6cc0fdccee6318f44b9b8649961fa73144a98735b0aaf029f1f"},
    {file = "PyYAML-5.3.1-cp27-cp27m-win_amd64.whl", hash = "sha256:240097ff019d7c70a4922b6869d8a86407758333f02203e0fc6ff79c5dcede76"},
    {file = "PyYAML-5.3.1-cp35-cp35m-win32.whl", hash = "sha256:4f4b913ca1a7319b33cfb1369e91e50354d6f07a135f3b901aca02aa95940bd2"},
    {file = "PyYAML-5.3.1-cp35-cp35m-win_amd64.whl", hash = "sha256:cc8955cfbfc7a115fa81d85284ee61147059a753344bc51098f3ccd69b0d7e0c"},
    {file = "PyYAML-5.3.1-cp36-cp36m-win32.whl", hash = "sha256:7739fc0fa8205b3ee8808aea45e968bc90082c10aef6ea95e855e10abf4a37b2"},
    {file = "PyYAML-5.3.1-cp36-cp36m-win_amd64.whl", hash = "sha256:69f00dca373f240f842b2931fb2c7e14ddbacd1397d57157a9b005a6a9942648"},
    {file = "PyYAML-5.3.1-cp37-cp37m-win32.whl", hash = "sha256:d13155f591e6fcc1ec3b30685d50bf0711574e2c0dfffd7644babf8b5102ca1a"},
    {file = "PyYAML-5.3.1-cp37-cp37m-win_amd64.whl", hash = "sha256:73f099454b799e05e5ab51423c7bcf361c58d3206fa7b0d555426b1f4d9a3eaf"},
    {file = "PyYAML-5.3.1-cp38-cp38-win32.whl", hash = "sha256:06a0d7ba600ce0b2d2fe2e78453a470b5a6e000a985dd4a4e54e436cc36b0e97"},
    {file = "PyYAML-5.3.1-cp38-cp38-win_amd64.whl", hash = "sha256:95f71d2af0ff4227885f7a6605c37fd53d3a106fcab511b8860ecca9fcf400ee"},
    {file = "PyYAML-5.3.1.tar.gz", hash = "sha256:b8eac752c5e14d3eca0e6dd9199cd627518cb5ec06add0de9d32baeee6fe645d"},
]
six = [
    {file = "six-1.14.0-py2.py3-none-any.whl", hash = "sha256:8f3cd2e254d8f793e7f3d6d9df77b92252b52637291d0f0da013c76ea2724b6c"},
    {file = "six-1.14.0.tar.gz", hash = "sha256:236bdbdce46e6e6a3d61a337c0f8b763ca1e8717c03b369e87a7ec7ce1319c0a"},
]
